
Microsoft Visual Studio Solution File, Format Version 12.00
# Visual Studio 15
VisualStudioVersion = 15.0.26403.7
MinimumVisualStudioVersion = 10.0.40219.1
Project("{FAE04EC0-301F-11D3-BF4B-00C04F79EFBC}") = "CUP.PE.OA.Model", "CUP.PE.OA.Model\CUP.PE.OA.Model.csproj", "{7CB8980A-0046-41BE-8352-6586B7B96074}"
EndProject
Project("{FAE04EC0-301F-11D3-BF4B-00C04F79EFBC}") = "CUP.PE.OA.Common", "CUP.PE.OA.Common\CUP.PE.OA.Common.csproj", "{6A684766-3ABC-4400-AF02-D428D093F9A9}"
EndProject
Project("{FAE04EC0-301F-11D3-BF4B-00C04F79EFBC}") = "CUP.PE.OA.IBLL", "CUP.PE.OA.IBLL\CUP.PE.OA.IBLL.csproj", "{6B72F1AC-D644-4CA4-8FEB-0BCE54D5483C}"
EndProject
Project("{FAE04EC0-301F-11D3-BF4B-00C04F79EFBC}") = "CUP.PE.OA.BLL", "CUP.PE.OA.BLL\CUP.PE.OA.BLL.csproj", "{308AC309-370E-4161-889A-9CF465EC5B14}"
EndProject
Project("{FAE04EC0-301F-11D3-BF4B-00C04F79EFBC}") = "CUP.PE.OA.DALFactory", "CUP.PE.OA.DALFactory\CUP.PE.OA.DALFactory.csproj", "{D5E8BBC2-D389-4A8A-82B8-78C2D79BDED9}"
EndProject
Project("{FAE04EC0-301F-11D3-BF4B-00C04F79EFBC}") = "CUP.PE.OA.IDAL", "CUP.PE.OA.IDAL\CUP.PE.OA.IDAL.csproj", "{C4E57829-1FFB-47EB-8D0A-C26FE57243C1}"
EndProject
Project("{FAE04EC0-301F-11D3-BF4B-00C04F79EFBC}") = "CUP.PE.OA.DAL", "CUP.PE.OA.DAL\CUP.PE.OA.DAL.csproj", "{6847DC4B-6120-4F1D-AAFE-F02E64A399C5}"
EndProject
Project("{FAE04EC0-301F-11D3-BF4B-00C04F79EFBC}") = "WebApp", "WebApp\WebApp.csproj", "{71AC7EFA-9790-49E0-B434-F182A3B4B561}"
EndProject
Project("{FAE04EC0-301F-11D3-BF4B-00C04F79EFBC}") = "CUP.OA.PE.QuartzTask", "CUP.OA.PE.QuartzTask\CUP.OA.PE.QuartzTask.csproj", "{C973A676-2AA1-4F39-8E2B-83A130637C04}"
EndProject
Global
	GlobalSection(SolutionConfigurationPlatforms) = preSolution
		Debug|Any CPU = Debug|Any CPU
		Release|Any CPU = Release|Any CPU
	EndGlobalSection
	GlobalSection(ProjectConfigurationPlatforms) = postSolution
		{7CB8980A-0046-41BE-8352-6586B7B96074}.Debug|Any CPU.ActiveCfg = Debug|Any CPU
		{7CB8980A-0046-41BE-8352-6586B7B96074}.Debug|Any CPU.Build.0 = Debug|Any CPU
		{7CB8980A-0046-41BE-8352-6586B7B96074}.Release|Any CPU.ActiveCfg = Release|Any CPU
		{7CB8980A-0046-41BE-8352-6586B7B96074}.Release|Any CPU.Build.0 = Release|Any CPU
		{6A684766-3ABC-4400-AF02-D428D093F9A9}.Debug|Any CPU.ActiveCfg = Debug|Any CPU
		{6A684766-3ABC-4400-AF02-D428D093F9A9}.Debug|Any CPU.Build.0 = Debug|Any CPU
		{6A684766-3ABC-4400-AF02-D428D093F9A9}.Release|Any CPU.ActiveCfg = Release|Any CPU
		{6A684766-3ABC-4400-AF02-D428D093F9A9}.Release|Any CPU.Build.0 = Release|Any CPU
		{6B72F1AC-D644-4CA4-8FEB-0BCE54D5483C}.Debug|Any CPU.ActiveCfg = Debug|Any CPU
		{6B72F1AC-D644-4CA4-8FEB-0BCE54D5483C}.Debug|Any CPU.Build.0 = Debug|Any CPU
		{6B72F1AC-D644-4CA4-8FEB-0BCE54D5483C}.Release|Any CPU.ActiveCfg = Release|Any CPU
		{6B72F1AC-D644-4CA4-8FEB-0BCE54D5483C}.Release|Any CPU.Build.0 = Release|Any CPU
		{308AC309-370E-4161-889A-9CF465EC5B14}.Debug|Any CPU.ActiveCfg = Debug|Any CPU
		{308AC309-370E-4161-889A-9CF465EC5B14}.Debug|Any CPU.Build.0 = Debug|Any CPU
		{308AC309-370E-4161-889A-9CF465EC5B14}.Release|Any CPU.ActiveCfg = Release|Any CPU
		{308AC309-370E-4161-889A-9CF465EC5B14}.Release|Any CPU.Build.0 = Release|Any CPU
		{D5E8BBC2-D389-4A8A-82B8-78C2D79BDED9}.Debug|Any CPU.ActiveCfg = Debug|Any CPU
		{D5E8BBC2-D389-4A8A-82B8-78C2D79BDED9}.Debug|Any CPU.Build.0 = Debug|Any CPU
		{D5E8BBC2-D389-4A8A-82B8-78C2D79BDED9}.Release|Any CPU.ActiveCfg = Release|Any CPU
		{D5E8BBC2-D389-4A8A-82B8-78C2D79BDED9}.Release|Any CPU.Build.0 = Release|Any CPU
		{C4E57829-1FFB-47EB-8D0A-C26FE57243C1}.Debug|Any CPU.ActiveCfg = Debug|Any CPU
		{C4E57829-1FFB-47EB-8D0A-C26FE57243C1}.Debug|Any CPU.Build.0 = Debug|Any CPU
		{C4E57829-1FFB-47EB-8D0A-C26FE57243C1}.Release|Any CPU.ActiveCfg = Release|Any CPU
		{C4E57829-1FFB-47EB-8D0A-C26FE57243C1}.Release|Any CPU.Build.0 = Release|Any CPU
		{6847DC4B-6120-4F1D-AAFE-F02E64A399C5}.Debug|Any CPU.ActiveCfg = Debug|Any CPU
		{6847DC4B-6120-4F1D-AAFE-F02E64A399C5}.Debug|Any CPU.Build.0 = Debug|Any CPU
		{6847DC4B-6120-4F1D-AAFE-F02E64A399C5}.Release|Any CPU.ActiveCfg = Release|Any CPU
		{6847DC4B-6120-4F1D-AAFE-F02E64A399C5}.Release|Any CPU.Build.0 = Release|Any CPU
		{71AC7EFA-9790-49E0-B434-F182A3B4B561}.Debug|Any CPU.ActiveCfg = Debug|Any CPU
		{71AC7EFA-9790-49E0-B434-F182A3B4B561}.Debug|Any CPU.Build.0 = Debug|Any CPU
		{71AC7EFA-9790-49E0-B434-F182A3B4B561}.Release|Any CPU.ActiveCfg = Release|Any CPU
		{71AC7EFA-9790-49E0-B434-F182A3B4B561}.Release|Any CPU.Build.0 = Release|Any CPU
		{C973A676-2AA1-4F39-8E2B-83A130637C04}.Debug|Any CPU.ActiveCfg = Debug|Any CPU
		{C973A676-2AA1-4F39-8E2B-83A130637C04}.Debug|Any CPU.Build.0 = Debug|Any CPU
		{C973A676-2AA1-4F39-8E2B-83A130637C04}.Release|Any CPU.ActiveCfg = Release|Any CPU
		{C973A676-2AA1-4F39-8E2B-83A130637C04}.Release|Any CPU.Build.0 = Release|Any CPU
	EndGlobalSection
	GlobalSection(SolutionProperties) = preSolution
		HideSolutionNode = FALSE
	EndGlobalSection
EndGlobal
